
Microsoft Visual Studio Solution File, Format Version 12.00
# Visual Studio Version 17
VisualStudioVersion = 17.14.36301.6 d17.14
MinimumVisualStudioVersion = 10.0.40219.1
Project("{FAE04EC0-301F-11D3-BF4B-00C04F79EFBC}") = "Internal Resource Booking System", "Internal Resource Booking System\Internal Resource Booking System.csproj", "{10921A41-0AB6-4486-BB6A-2A856AFBAC25}"
EndProject
Global
	GlobalSection(SolutionConfigurationPlatforms) = preSolution
		Debug|Any CPU = Debug|Any CPU
		Release|Any CPU = Release|Any CPU
	EndGlobalSection
	GlobalSection(ProjectConfigurationPlatforms) = postSolution
		{10921A41-0AB6-4486-BB6A-2A856AFBAC25}.Debug|Any CPU.ActiveCfg = Debug|Any CPU
		{10921A41-0AB6-4486-BB6A-2A856AFBAC25}.Debug|Any CPU.Build.0 = Debug|Any CPU
		{10921A41-0AB6-4486-BB6A-2A856AFBAC25}.Release|Any CPU.ActiveCfg = Release|Any CPU
		{10921A41-0AB6-4486-BB6A-2A856AFBAC25}.Release|Any CPU.Build.0 = Release|Any CPU
	EndGlobalSection
	GlobalSection(SolutionProperties) = preSolution
		HideSolutionNode = FALSE
	EndGlobalSection
	GlobalSection(ExtensibilityGlobals) = postSolution
		SolutionGuid = {0C0CE390-82EE-4CB6-BE01-493CB5F864C6}
	EndGlobalSection
EndGlobal
